
Microsoft Visual Studio Solution File, Format Version 12.00
# Visual Studio 15
VisualStudioVersion = 15.0.26730.16
MinimumVisualStudioVersion = 10.0.40219.1
Project("{E24C65DC-7377-472B-9ABA-BC803B73C61A}") = "KensuiteUI", "..\..\WebSites\KensuiteUI\", "{91166807-F8AD-4794-AB39-D8088BFA22CC}"
	ProjectSection(WebsiteProperties) = preProject
		TargetFrameworkMoniker = ".NETFramework,Version%3Dv4.6.1"
		Debug.AspNetCompiler.VirtualPath = "/localhost_53524"
		Debug.AspNetCompiler.PhysicalPath = "..\..\WebSites\KensuiteUI\"
		Debug.AspNetCompiler.TargetPath = "PrecompiledWeb\localhost_53524\"
		Debug.AspNetCompiler.Updateable = "true"
		Debug.AspNetCompiler.ForceOverwrite = "true"
		Debug.AspNetCompiler.FixedNames = "false"
		Debug.AspNetCompiler.Debug = "True"
		Release.AspNetCompiler.VirtualPath = "/localhost_53524"
		Release.AspNetCompiler.PhysicalPath = "..\..\WebSites\KensuiteUI\"
		Release.AspNetCompiler.TargetPath = "PrecompiledWeb\localhost_53524\"
		Release.AspNetCompiler.Updateable = "true"
		Release.AspNetCompiler.ForceOverwrite = "true"
		Release.AspNetCompiler.FixedNames = "false"
		Release.AspNetCompiler.Debug = "False"
		VWDPort = "53524"
		SlnRelativePath = "..\..\WebSites\KensuiteUI\"
		DefaultWebSiteLanguage = "Visual C#"
	EndProjectSection
EndProject
Project("{FAE04EC0-301F-11D3-BF4B-00C04F79EFBC}") = "KensuiteAPI", "KensuiteAPI\KensuiteAPI.csproj", "{68A77A35-4CA0-41F1-A8BE-82143CDFC4E8}"
EndProject
Project("{FAE04EC0-301F-11D3-BF4B-00C04F79EFBC}") = "Kensuite-API", "Kensuite-API\Kensuite-API.csproj", "{3BE11CFE-A867-4B10-80BF-0BC3BEE6817E}"
EndProject
Global
	GlobalSection(SolutionConfigurationPlatforms) = preSolution
		Debug|Any CPU = Debug|Any CPU
		Release|Any CPU = Release|Any CPU
	EndGlobalSection
	GlobalSection(ProjectConfigurationPlatforms) = postSolution
		{91166807-F8AD-4794-AB39-D8088BFA22CC}.Debug|Any CPU.ActiveCfg = Debug|Any CPU
		{91166807-F8AD-4794-AB39-D8088BFA22CC}.Debug|Any CPU.Build.0 = Debug|Any CPU
		{91166807-F8AD-4794-AB39-D8088BFA22CC}.Release|Any CPU.ActiveCfg = Debug|Any CPU
		{91166807-F8AD-4794-AB39-D8088BFA22CC}.Release|Any CPU.Build.0 = Debug|Any CPU
		{68A77A35-4CA0-41F1-A8BE-82143CDFC4E8}.Debug|Any CPU.ActiveCfg = Debug|Any CPU
		{68A77A35-4CA0-41F1-A8BE-82143CDFC4E8}.Debug|Any CPU.Build.0 = Debug|Any CPU
		{68A77A35-4CA0-41F1-A8BE-82143CDFC4E8}.Release|Any CPU.ActiveCfg = Release|Any CPU
		{68A77A35-4CA0-41F1-A8BE-82143CDFC4E8}.Release|Any CPU.Build.0 = Release|Any CPU
		{3BE11CFE-A867-4B10-80BF-0BC3BEE6817E}.Debug|Any CPU.ActiveCfg = Debug|Any CPU
		{3BE11CFE-A867-4B10-80BF-0BC3BEE6817E}.Debug|Any CPU.Build.0 = Debug|Any CPU
		{3BE11CFE-A867-4B10-80BF-0BC3BEE6817E}.Release|Any CPU.ActiveCfg = Release|Any CPU
		{3BE11CFE-A867-4B10-80BF-0BC3BEE6817E}.Release|Any CPU.Build.0 = Release|Any CPU
	EndGlobalSection
	GlobalSection(SolutionProperties) = preSolution
		HideSolutionNode = FALSE
	EndGlobalSection
	GlobalSection(ExtensibilityGlobals) = postSolution
		SolutionGuid = {9D00C234-E53F-45BC-96F8-C42E3F66A133}
	EndGlobalSection
EndGlobal
